<?xml version="1.0" encoding="utf-8"?>
<Project ToolsVersion="4.0" xmlns="http://schemas.microsoft.com/developer/msbuild/2003">
  <ItemGroup>
    <Filter Include="Source Files">
      <UniqueIdentifier>{4FC737F1-C7A5-4376-A066-2A32D752A2FF}</UniqueIdentifier>
      <Extensions>cpp;c;cc;cxx;c++;cppm;ixx;def;odl;idl;hpj;bat;asm;asmx</Extensions>
    </Filter>
    <Filter Include="Header Files">
      <UniqueIdentifier>{93995380-89BD-4b04-88EB-625FBE52EBFB}</UniqueIdentifier>
      <Extensions>h;hh;hpp;hxx;h++;hm;inl;inc;ipp;xsd</Extensions>
    </Filter>
    <Filter Include="Resource Files">
      <UniqueIdentifier>{67DA6AB6-F800-4c08-8B7A-83BB121AAD01}</UniqueIdentifier>
      <Extensions>rc;ico;cur;bmp;dlg;rc2;rct;bin;rgs;gif;jpg;jpeg;jpe;resx;tiff;tif;png;wav;mfcribbon-ms</Extensions>
    </Filter>
  </ItemGroup>
  <ItemGroup>
    <ClCompile Include="Source\Game.c">
      <Filter>Source Files</Filter>
    </ClCompile>
    <ClCompile Include="source\utilities\utility.c">
      <Filter>Source Files</Filter>
    </ClCompile>
    <ClCompile Include="source\scenes\scene.c">
      <Filter>Source Files</Filter>
    </ClCompile>
    <ClCompile Include="source\scenes\scenes.c">
      <Filter>Source Files</Filter>
    </ClCompile>
    <ClCompile Include="source\scenes\sega_splash_screen\sega_splash_screen.c">
      <Filter>Source Files</Filter>
    </ClCompile>
    <ClCompile Include="source\scenes\logos_splash_screen\logos_splash_screen.c">
      <Filter>Source Files</Filter>
    </ClCompile>
    <ClCompile Include="source\scenes\title_screen\title_screen.c">
      <Filter>Source Files</Filter>
    </ClCompile>
    <ClCompile Include="source\objects\sprite.c">
      <Filter>Source Files</Filter>
    </ClCompile>
  </ItemGroup>
  <ItemGroup>
    <ClInclude Include="Source\Scenes.h">
      <Filter>Header Files</Filter>
    </ClInclude>
    <ClInclude Include="Raylib\include\raylib.h">
      <Filter>Header Files</Filter>
    </ClInclude>
    <ClInclude Include="Raylib\include\raymath.h">
      <Filter>Header Files</Filter>
    </ClInclude>
    <ClInclude Include="Raylib\include\rlgl.h">
      <Filter>Header Files</Filter>
    </ClInclude>
    <ClInclude Include="Source\Game_Config.h">
      <Filter>Header Files</Filter>
    </ClInclude>
    <ClInclude Include="Source\utility.h">
      <Filter>Header Files</Filter>
    </ClInclude>
    <ClInclude Include="source\assets\fonts\PixelOperator\PixelOperator.h">
      <Filter>Header Files</Filter>
    </ClInclude>
    <ClInclude Include="source\assets\fonts\PixelOperator\PixelOperator8.h">
      <Filter>Header Files</Filter>
    </ClInclude>
    <ClInclude Include="source\assets\fonts\PixelOperator\PixelOperator8-Bold.h">
      <Filter>Header Files</Filter>
    </ClInclude>
    <ClInclude Include="source\scenes\scene.h">
      <Filter>Header Files</Filter>
    </ClInclude>
    <ClInclude Include="source\utilities\platform.h">
      <Filter>Header Files</Filter>
    </ClInclude>
    <ClInclude Include="source\utilities\utility.h">
      <Filter>Header Files</Filter>
    </ClInclude>
    <ClInclude Include="source\assets\fonts\fonts.h">
      <Filter>Header Files</Filter>
    </ClInclude>
    <ClInclude Include="source\assets\images\bettersonic_icon.h">
      <Filter>Header Files</Filter>
    </ClInclude>
    <ClInclude Include="source\assets\images\images.h">
      <Filter>Header Files</Filter>
    </ClInclude>
    <ClInclude Include="source\assets\assets.h">
      <Filter>Header Files</Filter>
    </ClInclude>
    <ClInclude Include="source\data\game_config.h">
      <Filter>Header Files</Filter>
    </ClInclude>
    <ClInclude Include="source\assets\fonts\PixelOperator\PixelOperatorHB.h">
      <Filter>Header Files</Filter>
    </ClInclude>
    <ClInclude Include="source\assets\fonts\PixelOperator\PixelOperatorHB8.h">
      <Filter>Header Files</Filter>
    </ClInclude>
    <ClInclude Include="source\assets\fonts\PixelOperator\PixelOperatorHBSC.h">
      <Filter>Header Files</Filter>
    </ClInclude>
    <ClInclude Include="source\assets\fonts\PixelOperator\PixelOperatorMono.h">
      <Filter>Header Files</Filter>
    </ClInclude>
    <ClInclude Include="source\assets\fonts\PixelOperator\PixelOperatorMono-Bold.h">
      <Filter>Header Files</Filter>
    </ClInclude>
    <ClInclude Include="source\assets\fonts\PixelOperator\PixelOperator-Bold.h">
      <Filter>Header Files</Filter>
    </ClInclude>
    <ClInclude Include="source\assets\fonts\PixelOperator\pixeloperator_font_family.h">
      <Filter>Header Files</Filter>
    </ClInclude>
    <ClInclude Include="source\scenes\scenes.h">
      <Filter>Header Files</Filter>
    </ClInclude>
    <ClInclude Include="source\scenes\sega_splash_screen\sega_splash_screen.h">
      <Filter>Header Files</Filter>
    </ClInclude>
    <ClInclude Include="source\assets\images\sega-splash-screen.h">
      <Filter>Header Files</Filter>
    </ClInclude>
    <ClInclude Include="source\assets\images\raylib-animated-logo.h">
      <Filter>Header Files</Filter>
    </ClInclude>
    <ClInclude Include="source\assets\images\sonic-team-presents.h">
      <Filter>Header Files</Filter>
    </ClInclude>
    <ClInclude Include="source\assets\images\title-screen.h">
      <Filter>Header Files</Filter>
    </ClInclude>
    <ClInclude Include="source\assets\sounds\sega_chant.h">
      <Filter>Header Files</Filter>
    </ClInclude>
    <ClInclude Include="source\assets\sounds\sounds.h">
      <Filter>Header Files</Filter>
    </ClInclude>
    <ClInclude Include="source\scenes\logos_splash_screen\logos_splash_screen.h">
      <Filter>Header Files</Filter>
    </ClInclude>
    <ClInclude Include="source\scenes\title_screen\title_screen.h">
      <Filter>Header Files</Filter>
    </ClInclude>
    <ClInclude Include="source\objects\sprite.h">
      <Filter>Header Files</Filter>
    </ClInclude>
  </ItemGroup>
  <ItemGroup>
    <Library Include="Raylib\raylib_windows_win32_msvc.lib" />
    <Library Include="Raylib\raylib_windows_win64_msvc.lib" />
  </ItemGroup>
</Project>