// !$*UTF8*$!
{
	archiveVersion = 1;
	classes = {
	};
	objectVersion = 53;
	objects = {

/* Begin PBXBuildFile section */
		41197FD829BA17E0003398D0 /* libraylib-darwin-universal.a in Frameworks */ = {isa = PBXBuildFile; fileRef = 41197F8C29BA179D003398D0 /* libraylib-darwin-universal.a */; };
		41197FD929BA1AB9003398D0 /* Game.c in Sources */ = {isa = PBXBuildFile; fileRef = 41197F9129BA179D003398D0 /* Game.c */; };
		41197FDA29BA1AB9003398D0 /* Logos Splash Screen.c in Sources */ = {isa = PBXBuildFile; fileRef = 41197F9629BA179D003398D0 /* Logos Splash Screen.c */; };
		41197FDB29BA1AB9003398D0 /* Sega Splash Screen.c in Sources */ = {isa = PBXBuildFile; fileRef = 41197F9929BA179D003398D0 /* Sega Splash Screen.c */; };
		41197FDC29BA1AB9003398D0 /* Scene Manager.c in Sources */ = {isa = PBXBuildFile; fileRef = 41197F9A29BA179D003398D0 /* Scene Manager.c */; };
		41197FDD29BA1AB9003398D0 /* Utility.c in Sources */ = {isa = PBXBuildFile; fileRef = 41197FAA29BA179D003398D0 /* Utility.c */; };
		41197FDE29BA1AB9003398D0 /* Scene.c in Sources */ = {isa = PBXBuildFile; fileRef = 41197FB029BA179D003398D0 /* Scene.c */; };
		41197FDF29BA1AB9003398D0 /* Sprite Atlas.c in Sources */ = {isa = PBXBuildFile; fileRef = 41197FB129BA179D003398D0 /* Sprite Atlas.c */; };
		41197FE229BA1BE6003398D0 /* Cocoa.framework in Frameworks */ = {isa = PBXBuildFile; fileRef = 41197FE129BA1BE6003398D0 /* Cocoa.framework */; };
		41197FE429BA1BEB003398D0 /* OpenGL.framework in Frameworks */ = {isa = PBXBuildFile; fileRef = 41197FE329BA1BEB003398D0 /* OpenGL.framework */; };
		41197FE629BA1BF0003398D0 /* IOKit.framework in Frameworks */ = {isa = PBXBuildFile; fileRef = 41197FE529BA1BF0003398D0 /* IOKit.framework */; };
		41197FE829BA1C00003398D0 /* CoreVideo.framework in Frameworks */ = {isa = PBXBuildFile; fileRef = 41197FE729BA1C00003398D0 /* CoreVideo.framework */; };
/* End PBXBuildFile section */

/* Begin PBXCopyFilesBuildPhase section */
		41197F6429BA1260003398D0 /* CopyFiles */ = {
			isa = PBXCopyFilesBuildPhase;
			buildActionMask = 2147483647;
			dstPath = /usr/share/man/man1/;
			dstSubfolderSpec = 0;
			files = (
			);
			runOnlyForDeploymentPostprocessing = 1;
		};
/* End PBXCopyFilesBuildPhase section */

/* Begin PBXFileReference section */
		41197F8529BA179D003398D0 /* License */ = {isa = PBXFileReference; lastKnownFileType = text; path = License; sourceTree = "<group>"; };
		41197F8629BA179D003398D0 /* libraylib-mingw64-x86_64.a */ = {isa = PBXFileReference; lastKnownFileType = archive.ar; path = "libraylib-mingw64-x86_64.a"; sourceTree = "<group>"; };
		41197F8829BA179D003398D0 /* rlgl.h */ = {isa = PBXFileReference; lastKnownFileType = sourcecode.c.h; path = rlgl.h; sourceTree = "<group>"; };
		41197F8929BA179D003398D0 /* raymath.h */ = {isa = PBXFileReference; lastKnownFileType = sourcecode.c.h; path = raymath.h; sourceTree = "<group>"; };
		41197F8A29BA179D003398D0 /* raylib.h */ = {isa = PBXFileReference; lastKnownFileType = sourcecode.c.h; path = raylib.h; sourceTree = "<group>"; };
		41197F8B29BA179D003398D0 /* libraylib-mingw64-x86.a */ = {isa = PBXFileReference; lastKnownFileType = archive.ar; path = "libraylib-mingw64-x86.a"; sourceTree = "<group>"; };
		41197F8C29BA179D003398D0 /* libraylib-darwin-universal.a */ = {isa = PBXFileReference; lastKnownFileType = archive.ar; path = "libraylib-darwin-universal.a"; sourceTree = "<group>"; };
		41197F8E29BA179D003398D0 /* Makefile */ = {isa = PBXFileReference; lastKnownFileType = sourcecode.make; path = Makefile; sourceTree = "<group>"; };
		41197F8F29BA179D003398D0 /* Info.plist */ = {isa = PBXFileReference; lastKnownFileType = text.plist.xml; path = Info.plist; sourceTree = "<group>"; };
		41197F9129BA179D003398D0 /* Game.c */ = {isa = PBXFileReference; lastKnownFileType = sourcecode.c.c; path = Game.c; sourceTree = "<group>"; };
		41197F9329BA179D003398D0 /* Scene Manager.h */ = {isa = PBXFileReference; lastKnownFileType = sourcecode.c.h; path = "Scene Manager.h"; sourceTree = "<group>"; };
		41197F9529BA179D003398D0 /* Logos Splash Screen.h */ = {isa = PBXFileReference; lastKnownFileType = sourcecode.c.h; path = "Logos Splash Screen.h"; sourceTree = "<group>"; };
		41197F9629BA179D003398D0 /* Logos Splash Screen.c */ = {isa = PBXFileReference; lastKnownFileType = sourcecode.c.c; path = "Logos Splash Screen.c"; sourceTree = "<group>"; };
		41197F9829BA179D003398D0 /* Sega Splash Screen.h */ = {isa = PBXFileReference; lastKnownFileType = sourcecode.c.h; path = "Sega Splash Screen.h"; sourceTree = "<group>"; };
		41197F9929BA179D003398D0 /* Sega Splash Screen.c */ = {isa = PBXFileReference; lastKnownFileType = sourcecode.c.c; path = "Sega Splash Screen.c"; sourceTree = "<group>"; };
		41197F9A29BA179D003398D0 /* Scene Manager.c */ = {isa = PBXFileReference; lastKnownFileType = sourcecode.c.c; path = "Scene Manager.c"; sourceTree = "<group>"; };
		41197F9D29BA179D003398D0 /* title-screen.h */ = {isa = PBXFileReference; lastKnownFileType = sourcecode.c.h; path = "title-screen.h"; sourceTree = "<group>"; };
		41197F9E29BA179D003398D0 /* bettersonic_icon.h */ = {isa = PBXFileReference; lastKnownFileType = sourcecode.c.h; path = bettersonic_icon.h; sourceTree = "<group>"; };
		41197F9F29BA179D003398D0 /* raylib-animated-logo.h */ = {isa = PBXFileReference; lastKnownFileType = sourcecode.c.h; path = "raylib-animated-logo.h"; sourceTree = "<group>"; };
		41197FA029BA179D003398D0 /* sonic-team-presents.h */ = {isa = PBXFileReference; lastKnownFileType = sourcecode.c.h; path = "sonic-team-presents.h"; sourceTree = "<group>"; };
		41197FA129BA179D003398D0 /* Images.h */ = {isa = PBXFileReference; lastKnownFileType = sourcecode.c.h; path = Images.h; sourceTree = "<group>"; };
		41197FA229BA179D003398D0 /* sega-splash-screen.h */ = {isa = PBXFileReference; lastKnownFileType = sourcecode.c.h; path = "sega-splash-screen.h"; sourceTree = "<group>"; };
		41197FA429BA179D003398D0 /* Sound Effects.h */ = {isa = PBXFileReference; lastKnownFileType = sourcecode.c.h; path = "Sound Effects.h"; sourceTree = "<group>"; };
		41197FA529BA179D003398D0 /* Sega Chant.h */ = {isa = PBXFileReference; lastKnownFileType = sourcecode.c.h; path = "Sega Chant.h"; sourceTree = "<group>"; };
		41197FA629BA179D003398D0 /* Assets.h */ = {isa = PBXFileReference; lastKnownFileType = sourcecode.c.h; path = Assets.h; sourceTree = "<group>"; };
		41197FA829BA179D003398D0 /* Fonts.h */ = {isa = PBXFileReference; lastKnownFileType = sourcecode.c.h; path = Fonts.h; sourceTree = "<group>"; };
		41197FAA29BA179D003398D0 /* Utility.c */ = {isa = PBXFileReference; lastKnownFileType = sourcecode.c.c; path = Utility.c; sourceTree = "<group>"; };
		41197FAB29BA179D003398D0 /* Utility.h */ = {isa = PBXFileReference; lastKnownFileType = sourcecode.c.h; path = Utility.h; sourceTree = "<group>"; };
		41197FAC29BA179D003398D0 /* Platform.h */ = {isa = PBXFileReference; lastKnownFileType = sourcecode.c.h; path = Platform.h; sourceTree = "<group>"; };
		41197FAE29BA179D003398D0 /* Game Configuration.h */ = {isa = PBXFileReference; lastKnownFileType = sourcecode.c.h; path = "Game Configuration.h"; sourceTree = "<group>"; };
		41197FB029BA179D003398D0 /* Scene.c */ = {isa = PBXFileReference; lastKnownFileType = sourcecode.c.c; path = Scene.c; sourceTree = "<group>"; };
		41197FB129BA179D003398D0 /* Sprite Atlas.c */ = {isa = PBXFileReference; lastKnownFileType = sourcecode.c.c; path = "Sprite Atlas.c"; sourceTree = "<group>"; };
		41197FB229BA179D003398D0 /* Sprite Atlas.h */ = {isa = PBXFileReference; lastKnownFileType = sourcecode.c.h; path = "Sprite Atlas.h"; sourceTree = "<group>"; };
		41197FB329BA179D003398D0 /* Scene.h */ = {isa = PBXFileReference; lastKnownFileType = sourcecode.c.h; path = Scene.h; sourceTree = "<group>"; };
		41197FB429BA179D003398D0 /* README.md */ = {isa = PBXFileReference; lastKnownFileType = net.daringfireball.markdown; path = README.md; sourceTree = "<group>"; };
		41197FB529BA179D003398D0 /* LICENSE */ = {isa = PBXFileReference; lastKnownFileType = text; path = LICENSE; sourceTree = "<group>"; };
		41197FB729BA179D003398D0 /* Makefile_A.mk */ = {isa = PBXFileReference; lastKnownFileType = text; path = Makefile_A.mk; sourceTree = "<group>"; };
		41197FBA29BA179D003398D0 /* .gitkeep */ = {isa = PBXFileReference; lastKnownFileType = text; path = .gitkeep; sourceTree = "<group>"; };
		41197FBF29BA179D003398D0 /* sega-splash-screen.ase */ = {isa = PBXFileReference; lastKnownFileType = file; path = "sega-splash-screen.ase"; sourceTree = "<group>"; };
		41197FC029BA179D003398D0 /* sega-splash-screen.png */ = {isa = PBXFileReference; lastKnownFileType = image.png; path = "sega-splash-screen.png"; sourceTree = "<group>"; };
		41197FC229BA179D003398D0 /* bettersonic-icon.png */ = {isa = PBXFileReference; lastKnownFileType = image.png; path = "bettersonic-icon.png"; sourceTree = "<group>"; };
		41197FC429BA179D003398D0 /* bettersonic-icon.ase */ = {isa = PBXFileReference; lastKnownFileType = file; path = "bettersonic-icon.ase"; sourceTree = "<group>"; };
		41197FC629BA179D003398D0 /* raylib-animated-logo.png */ = {isa = PBXFileReference; lastKnownFileType = image.png; path = "raylib-animated-logo.png"; sourceTree = "<group>"; };
		41197FC829BA179D003398D0 /* raylib-animated-logo.ase */ = {isa = PBXFileReference; lastKnownFileType = file; path = "raylib-animated-logo.ase"; sourceTree = "<group>"; };
		41197FC929BA179D003398D0 /* sonic-team-presents.ase */ = {isa = PBXFileReference; lastKnownFileType = file; path = "sonic-team-presents.ase"; sourceTree = "<group>"; };
		41197FCA29BA179D003398D0 /* sonic-team-presents.png */ = {isa = PBXFileReference; lastKnownFileType = image.png; path = "sonic-team-presents.png"; sourceTree = "<group>"; };
		41197FCD29BA179D003398D0 /* title_screen.ase */ = {isa = PBXFileReference; lastKnownFileType = file; path = title_screen.ase; sourceTree = "<group>"; };
		41197FCE29BA179D003398D0 /* title_screen.png */ = {isa = PBXFileReference; lastKnownFileType = image.png; path = title_screen.png; sourceTree = "<group>"; };
		41197FCF29BA179D003398D0 /* .gitkeep */ = {isa = PBXFileReference; lastKnownFileType = text; path = .gitkeep; sourceTree = "<group>"; };
		41197FD229BA179D003398D0 /* sega chant.wav */ = {isa = PBXFileReference; lastKnownFileType = audio.wav; path = "sega chant.wav"; sourceTree = "<group>"; };
		41197FD529BA179D003398D0 /* social_preview.xcf */ = {isa = PBXFileReference; lastKnownFileType = file; path = social_preview.xcf; sourceTree = "<group>"; };
		41197FD629BA179D003398D0 /* social_preview.png */ = {isa = PBXFileReference; lastKnownFileType = image.png; path = social_preview.png; sourceTree = "<group>"; };
		41197FE029BA1AF7003398D0 /* Better Sonic The Hedgehog */ = {isa = PBXFileReference; explicitFileType = "compiled.mach-o.executable"; includeInIndex = 0; path = "Better Sonic The Hedgehog"; sourceTree = BUILT_PRODUCTS_DIR; };
		41197FE129BA1BE6003398D0 /* Cocoa.framework */ = {isa = PBXFileReference; lastKnownFileType = wrapper.framework; name = Cocoa.framework; path = System/Library/Frameworks/Cocoa.framework; sourceTree = SDKROOT; };
		41197FE329BA1BEB003398D0 /* OpenGL.framework */ = {isa = PBXFileReference; lastKnownFileType = wrapper.framework; name = OpenGL.framework; path = System/Library/Frameworks/OpenGL.framework; sourceTree = SDKROOT; };
		41197FE529BA1BF0003398D0 /* IOKit.framework */ = {isa = PBXFileReference; lastKnownFileType = wrapper.framework; name = IOKit.framework; path = System/Library/Frameworks/IOKit.framework; sourceTree = SDKROOT; };
		41197FE729BA1C00003398D0 /* CoreVideo.framework */ = {isa = PBXFileReference; lastKnownFileType = wrapper.framework; name = CoreVideo.framework; path = System/Library/Frameworks/CoreVideo.framework; sourceTree = SDKROOT; };
/* End PBXFileReference section */

/* Begin PBXFrameworksBuildPhase section */
		41197F6329BA1260003398D0 /* Frameworks */ = {
			isa = PBXFrameworksBuildPhase;
			buildActionMask = 2147483647;
			files = (
				41197FE829BA1C00003398D0 /* CoreVideo.framework in Frameworks */,
				41197FE629BA1BF0003398D0 /* IOKit.framework in Frameworks */,
				41197FE429BA1BEB003398D0 /* OpenGL.framework in Frameworks */,
				41197FE229BA1BE6003398D0 /* Cocoa.framework in Frameworks */,
				41197FD829BA17E0003398D0 /* libraylib-darwin-universal.a in Frameworks */,
			);
			runOnlyForDeploymentPostprocessing = 0;
		};
/* End PBXFrameworksBuildPhase section */

/* Begin PBXGroup section */
		41197F5D29BA1260003398D0 = {
			isa = PBXGroup;
			children = (
				41197FB929BA179D003398D0 /* Assets */,
				41197F8F29BA179D003398D0 /* Info.plist */,
				41197FB529BA179D003398D0 /* LICENSE */,
				41197F8E29BA179D003398D0 /* Makefile */,
				41197FB729BA179D003398D0 /* Makefile_A.mk */,
				41197F8429BA179D003398D0 /* Raylib */,
				41197FB429BA179D003398D0 /* README.md */,
				41197F9029BA179D003398D0 /* Source */,
				41197FD729BA17E0003398D0 /* Frameworks */,
				41197FE029BA1AF7003398D0 /* Better Sonic The Hedgehog */,
			);
			sourceTree = "<group>";
		};
		41197F8429BA179D003398D0 /* Raylib */ = {
			isa = PBXGroup;
			children = (
				41197F8529BA179D003398D0 /* License */,
				41197F8629BA179D003398D0 /* libraylib-mingw64-x86_64.a */,
				41197F8729BA179D003398D0 /* include */,
				41197F8B29BA179D003398D0 /* libraylib-mingw64-x86.a */,
				41197F8C29BA179D003398D0 /* libraylib-darwin-universal.a */,
			);
			path = Raylib;
			sourceTree = "<group>";
		};
		41197F8729BA179D003398D0 /* include */ = {
			isa = PBXGroup;
			children = (
				41197F8829BA179D003398D0 /* rlgl.h */,
				41197F8929BA179D003398D0 /* raymath.h */,
				41197F8A29BA179D003398D0 /* raylib.h */,
			);
			path = include;
			sourceTree = "<group>";
		};
		41197F9029BA179D003398D0 /* Source */ = {
			isa = PBXGroup;
			children = (
				41197F9129BA179D003398D0 /* Game.c */,
				41197F9229BA179D003398D0 /* Scenes */,
				41197F9B29BA179D003398D0 /* Embedded Assets */,
				41197FA929BA179D003398D0 /* Utilities */,
				41197FAD29BA179D003398D0 /* Data */,
				41197FAF29BA179D003398D0 /* Entities */,
			);
			path = Source;
			sourceTree = "<group>";
		};
		41197F9229BA179D003398D0 /* Scenes */ = {
			isa = PBXGroup;
			children = (
				41197F9329BA179D003398D0 /* Scene Manager.h */,
				41197F9A29BA179D003398D0 /* Scene Manager.c */,
				41197F9429BA179D003398D0 /* Logos Splash Screen */,
				41197F9729BA179D003398D0 /* Sega Splash Screen */,
			);
			path = Scenes;
			sourceTree = "<group>";
		};
		41197F9429BA179D003398D0 /* Logos Splash Screen */ = {
			isa = PBXGroup;
			children = (
				41197F9529BA179D003398D0 /* Logos Splash Screen.h */,
				41197F9629BA179D003398D0 /* Logos Splash Screen.c */,
			);
			path = "Logos Splash Screen";
			sourceTree = "<group>";
		};
		41197F9729BA179D003398D0 /* Sega Splash Screen */ = {
			isa = PBXGroup;
			children = (
				41197F9829BA179D003398D0 /* Sega Splash Screen.h */,
				41197F9929BA179D003398D0 /* Sega Splash Screen.c */,
			);
			path = "Sega Splash Screen";
			sourceTree = "<group>";
		};
		41197F9B29BA179D003398D0 /* Embedded Assets */ = {
			isa = PBXGroup;
			children = (
				41197F9C29BA179D003398D0 /* Images */,
				41197FA329BA179D003398D0 /* Sound Effects */,
				41197FA629BA179D003398D0 /* Assets.h */,
				41197FA729BA179D003398D0 /* Fonts */,
			);
			path = "Embedded Assets";
			sourceTree = "<group>";
		};
		41197F9C29BA179D003398D0 /* Images */ = {
			isa = PBXGroup;
			children = (
				41197F9D29BA179D003398D0 /* title-screen.h */,
				41197F9E29BA179D003398D0 /* bettersonic_icon.h */,
				41197F9F29BA179D003398D0 /* raylib-animated-logo.h */,
				41197FA029BA179D003398D0 /* sonic-team-presents.h */,
				41197FA129BA179D003398D0 /* Images.h */,
				41197FA229BA179D003398D0 /* sega-splash-screen.h */,
			);
			path = Images;
			sourceTree = "<group>";
		};
		41197FA329BA179D003398D0 /* Sound Effects */ = {
			isa = PBXGroup;
			children = (
				41197FA429BA179D003398D0 /* Sound Effects.h */,
				41197FA529BA179D003398D0 /* Sega Chant.h */,
			);
			path = "Sound Effects";
			sourceTree = "<group>";
		};
		41197FA729BA179D003398D0 /* Fonts */ = {
			isa = PBXGroup;
			children = (
				41197FA829BA179D003398D0 /* Fonts.h */,
			);
			path = Fonts;
			sourceTree = "<group>";
		};
		41197FA929BA179D003398D0 /* Utilities */ = {
			isa = PBXGroup;
			children = (
				41197FAA29BA179D003398D0 /* Utility.c */,
				41197FAB29BA179D003398D0 /* Utility.h */,
				41197FAC29BA179D003398D0 /* Platform.h */,
			);
			path = Utilities;
			sourceTree = "<group>";
		};
		41197FAD29BA179D003398D0 /* Data */ = {
			isa = PBXGroup;
			children = (
				41197FAE29BA179D003398D0 /* Game Configuration.h */,
			);
			path = Data;
			sourceTree = "<group>";
		};
		41197FAF29BA179D003398D0 /* Entities */ = {
			isa = PBXGroup;
			children = (
				41197FB029BA179D003398D0 /* Scene.c */,
				41197FB329BA179D003398D0 /* Scene.h */,
				41197FB129BA179D003398D0 /* Sprite Atlas.c */,
				41197FB229BA179D003398D0 /* Sprite Atlas.h */,
			);
			path = Entities;
			sourceTree = "<group>";
		};
		41197FB929BA179D003398D0 /* Assets */ = {
			isa = PBXGroup;
			children = (
				41197FBA29BA179D003398D0 /* .gitkeep */,
				41197FBB29BA179D003398D0 /* Game */,
				41197FD329BA179D003398D0 /* Github */,
			);
			path = Assets;
			sourceTree = "<group>";
		};
		41197FBB29BA179D003398D0 /* Game */ = {
			isa = PBXGroup;
			children = (
				41197FBC29BA179D003398D0 /* Images */,
				41197FCF29BA179D003398D0 /* .gitkeep */,
				41197FD029BA179D003398D0 /* Sound Effects */,
			);
			path = Game;
			sourceTree = "<group>";
		};
		41197FBC29BA179D003398D0 /* Images */ = {
			isa = PBXGroup;
			children = (
				41197FBD29BA179D003398D0 /* Sega Splash Screen */,
				41197FC129BA179D003398D0 /* Miscellaneous */,
				41197FC529BA179D003398D0 /* Logo Splash Screen Scene */,
				41197FCB29BA179D003398D0 /* Title Screen */,
			);
			path = Images;
			sourceTree = "<group>";
		};
		41197FBD29BA179D003398D0 /* Sega Splash Screen */ = {
			isa = PBXGroup;
			children = (
				41197FBE29BA179D003398D0 /* Source */,
				41197FC029BA179D003398D0 /* sega-splash-screen.png */,
			);
			path = "Sega Splash Screen";
			sourceTree = "<group>";
		};
		41197FBE29BA179D003398D0 /* Source */ = {
			isa = PBXGroup;
			children = (
				41197FBF29BA179D003398D0 /* sega-splash-screen.ase */,
			);
			path = Source;
			sourceTree = "<group>";
		};
		41197FC129BA179D003398D0 /* Miscellaneous */ = {
			isa = PBXGroup;
			children = (
				41197FC229BA179D003398D0 /* bettersonic-icon.png */,
				41197FC329BA179D003398D0 /* Source */,
			);
			path = Miscellaneous;
			sourceTree = "<group>";
		};
		41197FC329BA179D003398D0 /* Source */ = {
			isa = PBXGroup;
			children = (
				41197FC429BA179D003398D0 /* bettersonic-icon.ase */,
			);
			path = Source;
			sourceTree = "<group>";
		};
		41197FC529BA179D003398D0 /* Logo Splash Screen Scene */ = {
			isa = PBXGroup;
			children = (
				41197FC629BA179D003398D0 /* raylib-animated-logo.png */,
				41197FC729BA179D003398D0 /* Source */,
				41197FCA29BA179D003398D0 /* sonic-team-presents.png */,
			);
			path = "Logo Splash Screen Scene";
			sourceTree = "<group>";
		};
		41197FC729BA179D003398D0 /* Source */ = {
			isa = PBXGroup;
			children = (
				41197FC829BA179D003398D0 /* raylib-animated-logo.ase */,
				41197FC929BA179D003398D0 /* sonic-team-presents.ase */,
			);
			path = Source;
			sourceTree = "<group>";
		};
		41197FCB29BA179D003398D0 /* Title Screen */ = {
			isa = PBXGroup;
			children = (
				41197FCC29BA179D003398D0 /* Source */,
				41197FCE29BA179D003398D0 /* title_screen.png */,
			);
			path = "Title Screen";
			sourceTree = "<group>";
		};
		41197FCC29BA179D003398D0 /* Source */ = {
			isa = PBXGroup;
			children = (
				41197FCD29BA179D003398D0 /* title_screen.ase */,
			);
			path = Source;
			sourceTree = "<group>";
		};
		41197FD029BA179D003398D0 /* Sound Effects */ = {
			isa = PBXGroup;
			children = (
				41197FD129BA179D003398D0 /* Miscellaneous */,
			);
			path = "Sound Effects";
			sourceTree = "<group>";
		};
		41197FD129BA179D003398D0 /* Miscellaneous */ = {
			isa = PBXGroup;
			children = (
				41197FD229BA179D003398D0 /* sega chant.wav */,
			);
			path = Miscellaneous;
			sourceTree = "<group>";
		};
		41197FD329BA179D003398D0 /* Github */ = {
			isa = PBXGroup;
			children = (
				41197FD429BA179D003398D0 /* Source */,
				41197FD629BA179D003398D0 /* social_preview.png */,
			);
			path = Github;
			sourceTree = "<group>";
		};
		41197FD429BA179D003398D0 /* Source */ = {
			isa = PBXGroup;
			children = (
				41197FD529BA179D003398D0 /* social_preview.xcf */,
			);
			path = Source;
			sourceTree = "<group>";
		};
		41197FD729BA17E0003398D0 /* Frameworks */ = {
			isa = PBXGroup;
			children = (
				41197FE729BA1C00003398D0 /* CoreVideo.framework */,
				41197FE529BA1BF0003398D0 /* IOKit.framework */,
				41197FE329BA1BEB003398D0 /* OpenGL.framework */,
				41197FE129BA1BE6003398D0 /* Cocoa.framework */,
			);
			name = Frameworks;
			sourceTree = "<group>";
		};
/* End PBXGroup section */

/* Begin PBXNativeTarget section */
		41197F6529BA1260003398D0 /* Better Sonic The Hedgehog */ = {
			isa = PBXNativeTarget;
			buildConfigurationList = 41197F6D29BA1260003398D0 /* Build configuration list for PBXNativeTarget "Better Sonic The Hedgehog" */;
			buildPhases = (
				41197F6229BA1260003398D0 /* Sources */,
				41197F6329BA1260003398D0 /* Frameworks */,
				41197F6429BA1260003398D0 /* CopyFiles */,
			);
			buildRules = (
			);
			dependencies = (
			);
			name = "Better Sonic The Hedgehog";
			productName = "Better Sonic The Hedgehog";
			productReference = 41197FE029BA1AF7003398D0 /* Better Sonic The Hedgehog */;
			productType = "com.apple.product-type.tool";
		};
/* End PBXNativeTarget section */

/* Begin PBXProject section */
		41197F5E29BA1260003398D0 /* Project object */ = {
			isa = PBXProject;
			attributes = {
				BuildIndependentTargetsInParallel = 1;
				LastUpgradeCheck = 1420;
				TargetAttributes = {
					41197F6529BA1260003398D0 = {
						CreatedOnToolsVersion = 14.2;
					};
				};
			};
			buildConfigurationList = 41197F6129BA1260003398D0 /* Build configuration list for PBXProject "Better Sonic The Hedgehog" */;
			compatibilityVersion = "Xcode 10.0";
			developmentRegion = en;
			hasScannedForEncodings = 0;
			knownRegions = (
				en,
				Base,
			);
			mainGroup = 41197F5D29BA1260003398D0;
			productRefGroup = 41197F5D29BA1260003398D0;
			projectDirPath = "";
			projectRoot = "";
			targets = (
				41197F6529BA1260003398D0 /* Better Sonic The Hedgehog */,
			);
		};
/* End PBXProject section */

/* Begin PBXSourcesBuildPhase section */
		41197F6229BA1260003398D0 /* Sources */ = {
			isa = PBXSourcesBuildPhase;
			buildActionMask = 2147483647;
			files = (
				41197FD929BA1AB9003398D0 /* Game.c in Sources */,
				41197FDA29BA1AB9003398D0 /* Logos Splash Screen.c in Sources */,
				41197FDB29BA1AB9003398D0 /* Sega Splash Screen.c in Sources */,
				41197FDC29BA1AB9003398D0 /* Scene Manager.c in Sources */,
				41197FDD29BA1AB9003398D0 /* Utility.c in Sources */,
				41197FDE29BA1AB9003398D0 /* Scene.c in Sources */,
				41197FDF29BA1AB9003398D0 /* Sprite Atlas.c in Sources */,
			);
			runOnlyForDeploymentPostprocessing = 0;
		};
/* End PBXSourcesBuildPhase section */

/* Begin XCBuildConfiguration section */
		41197F6B29BA1260003398D0 /* Debug */ = {
			isa = XCBuildConfiguration;
			buildSettings = {
				ALWAYS_SEARCH_USER_PATHS = NO;
				ARCHS = (
					x86_64,
					arm64,
					ppc,
					i386,
				);
				CLANG_ANALYZER_NONNULL = YES;
				CLANG_ANALYZER_NUMBER_OBJECT_CONVERSION = YES_AGGRESSIVE;
				CLANG_CXX_LANGUAGE_STANDARD = "c++98";
				CLANG_ENABLE_MODULES = YES;
				CLANG_ENABLE_OBJC_ARC = YES;
				CLANG_ENABLE_OBJC_WEAK = YES;
				CLANG_WARN_BLOCK_CAPTURE_AUTORELEASING = YES;
				CLANG_WARN_BOOL_CONVERSION = YES;
				CLANG_WARN_COMMA = YES;
				CLANG_WARN_CONSTANT_CONVERSION = YES;
				CLANG_WARN_DEPRECATED_OBJC_IMPLEMENTATIONS = YES;
				CLANG_WARN_DIRECT_OBJC_ISA_USAGE = YES_ERROR;
				CLANG_WARN_DOCUMENTATION_COMMENTS = YES;
				CLANG_WARN_EMPTY_BODY = YES;
				CLANG_WARN_ENUM_CONVERSION = YES;
				CLANG_WARN_INFINITE_RECURSION = YES;
				CLANG_WARN_INT_CONVERSION = YES;
				CLANG_WARN_NON_LITERAL_NULL_CONVERSION = YES;
				CLANG_WARN_OBJC_IMPLICIT_RETAIN_SELF = YES;
				CLANG_WARN_OBJC_LITERAL_CONVERSION = YES;
				CLANG_WARN_OBJC_ROOT_CLASS = YES_ERROR;
				CLANG_WARN_QUOTED_INCLUDE_IN_FRAMEWORK_HEADER = YES;
				CLANG_WARN_RANGE_LOOP_ANALYSIS = YES;
				CLANG_WARN_STRICT_PROTOTYPES = YES;
				CLANG_WARN_SUSPICIOUS_MOVE = YES;
				CLANG_WARN_UNGUARDED_AVAILABILITY = YES_AGGRESSIVE;
				CLANG_WARN_UNREACHABLE_CODE = YES;
				CLANG_WARN__DUPLICATE_METHOD_MATCH = YES;
				COPY_PHASE_STRIP = NO;
				DEBUG_INFORMATION_FORMAT = dwarf;
				ENABLE_STRICT_OBJC_MSGSEND = YES;
				ENABLE_TESTABILITY = YES;
				GCC_C_LANGUAGE_STANDARD = c89;
				GCC_DYNAMIC_NO_PIC = NO;
				GCC_NO_COMMON_BLOCKS = YES;
				GCC_OPTIMIZATION_LEVEL = 0;
				GCC_PREPROCESSOR_DEFINITIONS = (
					"DEBUG=1",
					"$(inherited)",
				);
				GCC_WARN_64_TO_32_BIT_CONVERSION = YES;
				GCC_WARN_ABOUT_RETURN_TYPE = YES_ERROR;
				GCC_WARN_UNDECLARED_SELECTOR = YES;
				GCC_WARN_UNINITIALIZED_AUTOS = YES_AGGRESSIVE;
				GCC_WARN_UNUSED_FUNCTION = YES;
				GCC_WARN_UNUSED_VARIABLE = YES;
				HEADER_SEARCH_PATHS = (
					"$(PROJECT_DIR)/Raylib/include",
					"$(PROJECT_DIR)/Source",
				);
				MACOSX_DEPLOYMENT_TARGET = 10.14;
				MTL_ENABLE_DEBUG_INFO = INCLUDE_SOURCE;
				MTL_FAST_MATH = YES;
				ONLY_ACTIVE_ARCH = YES;
				SDKROOT = macosx;
			};
			name = Debug;
		};
		41197F6C29BA1260003398D0 /* Release */ = {
			isa = XCBuildConfiguration;
			buildSettings = {
				ALWAYS_SEARCH_USER_PATHS = NO;
				ARCHS = (
					x86_64,
					arm64,
					ppc,
					i386,
				);
				CLANG_ANALYZER_NONNULL = YES;
				CLANG_ANALYZER_NUMBER_OBJECT_CONVERSION = YES_AGGRESSIVE;
				CLANG_CXX_LANGUAGE_STANDARD = "c++98";
				CLANG_ENABLE_MODULES = YES;
				CLANG_ENABLE_OBJC_ARC = YES;
				CLANG_ENABLE_OBJC_WEAK = YES;
				CLANG_WARN_BLOCK_CAPTURE_AUTORELEASING = YES;
				CLANG_WARN_BOOL_CONVERSION = YES;
				CLANG_WARN_COMMA = YES;
				CLANG_WARN_CONSTANT_CONVERSION = YES;
				CLANG_WARN_DEPRECATED_OBJC_IMPLEMENTATIONS = YES;
				CLANG_WARN_DIRECT_OBJC_ISA_USAGE = YES_ERROR;
				CLANG_WARN_DOCUMENTATION_COMMENTS = YES;
				CLANG_WARN_EMPTY_BODY = YES;
				CLANG_WARN_ENUM_CONVERSION = YES;
				CLANG_WARN_INFINITE_RECURSION = YES;
				CLANG_WARN_INT_CONVERSION = YES;
				CLANG_WARN_NON_LITERAL_NULL_CONVERSION = YES;
				CLANG_WARN_OBJC_IMPLICIT_RETAIN_SELF = YES;
				CLANG_WARN_OBJC_LITERAL_CONVERSION = YES;
				CLANG_WARN_OBJC_ROOT_CLASS = YES_ERROR;
				CLANG_WARN_QUOTED_INCLUDE_IN_FRAMEWORK_HEADER = YES;
				CLANG_WARN_RANGE_LOOP_ANALYSIS = YES;
				CLANG_WARN_STRICT_PROTOTYPES = YES;
				CLANG_WARN_SUSPICIOUS_MOVE = YES;
				CLANG_WARN_UNGUARDED_AVAILABILITY = YES_AGGRESSIVE;
				CLANG_WARN_UNREACHABLE_CODE = YES;
				CLANG_WARN__DUPLICATE_METHOD_MATCH = YES;
				COPY_PHASE_STRIP = NO;
				DEBUG_INFORMATION_FORMAT = "dwarf-with-dsym";
				ENABLE_NS_ASSERTIONS = NO;
				ENABLE_STRICT_OBJC_MSGSEND = YES;
				GCC_C_LANGUAGE_STANDARD = c89;
				GCC_NO_COMMON_BLOCKS = YES;
				GCC_WARN_64_TO_32_BIT_CONVERSION = YES;
				GCC_WARN_ABOUT_RETURN_TYPE = YES_ERROR;
				GCC_WARN_UNDECLARED_SELECTOR = YES;
				GCC_WARN_UNINITIALIZED_AUTOS = YES_AGGRESSIVE;
				GCC_WARN_UNUSED_FUNCTION = YES;
				GCC_WARN_UNUSED_VARIABLE = YES;
				HEADER_SEARCH_PATHS = (
					"$(PROJECT_DIR)/Raylib/include",
					"$(PROJECT_DIR)/Source",
				);
				MACOSX_DEPLOYMENT_TARGET = 10.14;
				MTL_ENABLE_DEBUG_INFO = NO;
				MTL_FAST_MATH = YES;
				SDKROOT = macosx;
			};
			name = Release;
		};
		41197F6E29BA1260003398D0 /* Debug */ = {
			isa = XCBuildConfiguration;
			buildSettings = {
				CLANG_CXX_LANGUAGE_STANDARD = "c++0x";
				CODE_SIGN_STYLE = Automatic;
				GCC_C_LANGUAGE_STANDARD = c11;
				HEADER_SEARCH_PATHS = (
					"$(PROJECT_DIR)/Raylib/include",
					"$(PROJECT_DIR)/Source/**",
				);
				INFOPLIST_FILE = "$(SRCROOT)/Info.plist";
				LIBRARY_SEARCH_PATHS = (
					"$(inherited)",
					"$(PROJECT_DIR)/Raylib",
				);
				MACOSX_DEPLOYMENT_TARGET = 10.14;
				PRODUCT_NAME = "$(TARGET_NAME)";
			};
			name = Debug;
		};
		41197F6F29BA1260003398D0 /* Release */ = {
			isa = XCBuildConfiguration;
			buildSettings = {
				CLANG_CXX_LANGUAGE_STANDARD = "c++0x";
				CODE_SIGN_STYLE = Automatic;
				GCC_C_LANGUAGE_STANDARD = c11;
				GCC_OPTIMIZATION_LEVEL = z;
				HEADER_SEARCH_PATHS = (
					"$(PROJECT_DIR)/Raylib/include",
					"$(PROJECT_DIR)/Source/**",
				);
				INFOPLIST_FILE = "$(SRCROOT)/Info.plist";
				LIBRARY_SEARCH_PATHS = (
					"$(inherited)",
					"$(PROJECT_DIR)/Raylib",
				);
				MACOSX_DEPLOYMENT_TARGET = 10.14;
				PRODUCT_NAME = "$(TARGET_NAME)";
			};
			name = Release;
		};
/* End XCBuildConfiguration section */

/* Begin XCConfigurationList section */
		41197F6129BA1260003398D0 /* Build configuration list for PBXProject "Better Sonic The Hedgehog" */ = {
			isa = XCConfigurationList;
			buildConfigurations = (
				41197F6B29BA1260003398D0 /* Debug */,
				41197F6C29BA1260003398D0 /* Release */,
			);
			defaultConfigurationIsVisible = 0;
			defaultConfigurationName = Release;
		};
		41197F6D29BA1260003398D0 /* Build configuration list for PBXNativeTarget "Better Sonic The Hedgehog" */ = {
			isa = XCConfigurationList;
			buildConfigurations = (
				41197F6E29BA1260003398D0 /* Debug */,
				41197F6F29BA1260003398D0 /* Release */,
			);
			defaultConfigurationIsVisible = 0;
			defaultConfigurationName = Release;
		};
/* End XCConfigurationList section */
	};
	rootObject = 41197F5E29BA1260003398D0 /* Project object */;
}
